<Solution>
  <Folder Name="/Solution Items/">
    <File Path="..\.editorconfig" />
    <File Path="..\.gitignore" />
    <File Path="..\CLAUDE.md" />
    <File Path="..\README.md" />
    <File Path="..\stylecop.json" />
    <File Path="..\version.json" />
    <File Path="Directory.Build.props" />
    <File Path="Directory.Packages.props" />
    <File Path="global.json" />
    <File Path="testconfig.json" />
  </Folder>
  <Project Path="NuStreamDocs.Templating/NuStreamDocs.Templating.csproj" />
  <Project Path="NuStreamDocs/NuStreamDocs.csproj" />
  <Project Path="NuStreamDocs.Serve/NuStreamDocs.Serve.csproj" />
  <Project Path="NuStreamDocs.Macros/NuStreamDocs.Macros.csproj" />
  <Project Path="tests/NuStreamDocs.Serve.Tests/NuStreamDocs.Serve.Tests.csproj" />
  <Project Path="tests/NuStreamDocs.Macros.Tests/NuStreamDocs.Macros.Tests.csproj" />
  <Project Path="NuStreamDocs.Config.MkDocs/NuStreamDocs.Config.MkDocs.csproj" />
  <Project Path="NuStreamDocs.Config.Zensical/NuStreamDocs.Config.Zensical.csproj" />
  <Project Path="NuStreamDocs.Nav/NuStreamDocs.Nav.csproj" />
  <Project Path="NuStreamDocs.Theme.Common/NuStreamDocs.Theme.Common.csproj" />
  <Project Path="NuStreamDocs.Bibliography/NuStreamDocs.Bibliography.csproj" />
  <Project Path="NuStreamDocs.Blog.Common/NuStreamDocs.Blog.Common.csproj" />
  <Project Path="NuStreamDocs.Theme.Material/NuStreamDocs.Theme.Material.csproj" />
  <Project Path="NuStreamDocs.Theme.Material3/NuStreamDocs.Theme.Material3.csproj" />
  <Project Path="NuStreamDocs.Icons.FontAwesome/NuStreamDocs.Icons.FontAwesome.csproj" />
  <Project Path="NuStreamDocs.Icons.Material/NuStreamDocs.Icons.Material.csproj" />
  <Project Path="NuStreamDocs.Search/NuStreamDocs.Search.csproj" />
  <Project Path="NuStreamDocs.Autorefs/NuStreamDocs.Autorefs.csproj" />
  <Project Path="NuStreamDocs.CSharpApiGenerator/NuStreamDocs.CSharpApiGenerator.csproj" />
  <Project Path="NuStreamDocs.Versions/NuStreamDocs.Versions.csproj" />
  <Project Path="NuStreamDocs.Lightbox/NuStreamDocs.Lightbox.csproj" />
  <Project Path="NuStreamDocs.Blog/NuStreamDocs.Blog.csproj" />
  <Project Path="NuStreamDocs.Blog.MkDocs/NuStreamDocs.Blog.MkDocs.csproj" />
  <Project Path="NuStreamDocs.Feed/NuStreamDocs.Feed.csproj" />
  <Project Path="NuStreamDocs.Optimise/NuStreamDocs.Optimise.csproj" />
  <Project Path="NuStreamDocs.LinkValidator/NuStreamDocs.LinkValidator.csproj" />
  <Project Path="NuStreamDocs.Highlight/NuStreamDocs.Highlight.csproj" />
  <Project Path="NuStreamDocs.Markdown.Common/NuStreamDocs.Markdown.Common.csproj" />
  <Project Path="NuStreamDocs.MarkdownExtensions/NuStreamDocs.MarkdownExtensions.csproj" />
  <Project Path="NuStreamDocs.Mermaid/NuStreamDocs.Mermaid.csproj" />
  <Project Path="NuStreamDocs.Privacy/NuStreamDocs.Privacy.csproj" />
  <Project Path="NuStreamDocs.Abbr/NuStreamDocs.Abbr.csproj" />
  <Project Path="NuStreamDocs.Arithmatex/NuStreamDocs.Arithmatex.csproj" />
  <Project Path="NuStreamDocs.Common/NuStreamDocs.Common.csproj" />
  <Project Path="NuStreamDocs.Emoji/NuStreamDocs.Emoji.csproj" />
  <Project Path="NuStreamDocs.Keys/NuStreamDocs.Keys.csproj" />
  <Project Path="NuStreamDocs.MagicLink/NuStreamDocs.MagicLink.csproj" />
  <Project Path="NuStreamDocs.Metadata/NuStreamDocs.Metadata.csproj" />
  <Project Path="NuStreamDocs.Sitemap/NuStreamDocs.Sitemap.csproj" />
  <Project Path="NuStreamDocs.SmartSymbols/NuStreamDocs.SmartSymbols.csproj" />
  <Project Path="NuStreamDocs.Snippets/NuStreamDocs.Snippets.csproj" />
  <Project Path="NuStreamDocs.SuperFences/NuStreamDocs.SuperFences.csproj" />
  <Project Path="NuStreamDocs.Tags/NuStreamDocs.Tags.csproj" />
  <Project Path="NuStreamDocs.Toc/NuStreamDocs.Toc.csproj" />
  <Project Path="NuStreamDocs.Xrefs/NuStreamDocs.Xrefs.csproj" />
  <Folder Name="/tests/">
    <Project Path="tests/NuStreamDocs.Tests/NuStreamDocs.Tests.csproj" />
    <Project Path="tests/NuStreamDocs.Nav.Tests/NuStreamDocs.Nav.Tests.csproj" />
    <Project Path="tests/NuStreamDocs.Templating.Tests/NuStreamDocs.Templating.Tests.csproj" />
    <Project Path="tests/NuStreamDocs.Config.MkDocs.Tests/NuStreamDocs.Config.MkDocs.Tests.csproj" />
    <Project Path="tests/NuStreamDocs.Config.Zensical.Tests/NuStreamDocs.Config.Zensical.Tests.csproj" />
    <Project Path="tests/NuStreamDocs.Theme.Material.Tests/NuStreamDocs.Theme.Material.Tests.csproj" />
    <Project Path="tests/NuStreamDocs.Theme.Material3.Tests/NuStreamDocs.Theme.Material3.Tests.csproj" />
    <Project Path="tests/NuStreamDocs.Icons.FontAwesome.Tests/NuStreamDocs.Icons.FontAwesome.Tests.csproj" />
    <Project Path="tests/NuStreamDocs.Icons.Material.Tests/NuStreamDocs.Icons.Material.Tests.csproj" />
    <Project Path="tests/NuStreamDocs.Search.Tests/NuStreamDocs.Search.Tests.csproj" />
    <Project Path="tests/NuStreamDocs.Autorefs.Tests/NuStreamDocs.Autorefs.Tests.csproj" />
    <Project Path="tests/NuStreamDocs.CSharpApiGenerator.Tests/NuStreamDocs.CSharpApiGenerator.Tests.csproj" />
    <Project Path="tests/NuStreamDocs.Versions.Tests/NuStreamDocs.Versions.Tests.csproj" />
    <Project Path="tests/NuStreamDocs.Lightbox.Tests/NuStreamDocs.Lightbox.Tests.csproj" />
    <Project Path="tests/NuStreamDocs.Blog.Tests/NuStreamDocs.Blog.Tests.csproj" />
    <Project Path="tests/NuStreamDocs.Blog.MkDocs.Tests/NuStreamDocs.Blog.MkDocs.Tests.csproj" />
    <Project Path="tests/NuStreamDocs.Feed.Tests/NuStreamDocs.Feed.Tests.csproj" />
    <Project Path="tests/NuStreamDocs.Optimise.Tests/NuStreamDocs.Optimise.Tests.csproj" />
    <Project Path="tests/NuStreamDocs.LinkValidator.Tests/NuStreamDocs.LinkValidator.Tests.csproj" />
    <Project Path="tests/NuStreamDocs.Highlight.Tests/NuStreamDocs.Highlight.Tests.csproj" />
    <Project Path="tests/NuStreamDocs.MarkdownExtensions.Tests/NuStreamDocs.MarkdownExtensions.Tests.csproj" />
    <Project Path="tests/NuStreamDocs.Mermaid.Tests/NuStreamDocs.Mermaid.Tests.csproj" />
    <Project Path="tests/NuStreamDocs.Privacy.Tests/NuStreamDocs.Privacy.Tests.csproj" />
    <Project Path="tests/NuStreamDocs.Abbr.Tests/NuStreamDocs.Abbr.Tests.csproj" />
    <Project Path="tests/NuStreamDocs.Arithmatex.Tests/NuStreamDocs.Arithmatex.Tests.csproj" />
    <Project Path="tests/NuStreamDocs.Bibliography.Tests/NuStreamDocs.Bibliography.Tests.csproj" />
    <Project Path="tests/NuStreamDocs.Emoji.Tests/NuStreamDocs.Emoji.Tests.csproj" />
    <Project Path="tests/NuStreamDocs.Keys.Tests/NuStreamDocs.Keys.Tests.csproj" />
    <Project Path="tests/NuStreamDocs.MagicLink.Tests/NuStreamDocs.MagicLink.Tests.csproj" />
    <Project Path="tests/NuStreamDocs.Metadata.Tests/NuStreamDocs.Metadata.Tests.csproj" />
    <Project Path="tests/NuStreamDocs.Sitemap.Tests/NuStreamDocs.Sitemap.Tests.csproj" />
    <Project Path="tests/NuStreamDocs.SmartSymbols.Tests/NuStreamDocs.SmartSymbols.Tests.csproj" />
    <Project Path="tests/NuStreamDocs.Snippets.Tests/NuStreamDocs.Snippets.Tests.csproj" />
    <Project Path="tests/NuStreamDocs.SuperFences.Tests/NuStreamDocs.SuperFences.Tests.csproj" />
    <Project Path="tests/NuStreamDocs.Tags.Tests/NuStreamDocs.Tags.Tests.csproj" />
    <Project Path="tests/NuStreamDocs.Toc.Tests/NuStreamDocs.Toc.Tests.csproj" />
    <Project Path="tests/NuStreamDocs.Xrefs.Tests/NuStreamDocs.Xrefs.Tests.csproj" />
  </Folder>
  <Folder Name="/benchmarks/">
    <Project Path="benchmarks/NuStreamDocs.Benchmarks/NuStreamDocs.Benchmarks.csproj" />
  </Folder>
  <Folder Name="/tools/">
    <Project Path="tools/NuStreamDocs.AllocReport/NuStreamDocs.AllocReport.csproj" />
  </Folder>
</Solution>
